// !$*UTF8*$!
{
	archiveVersion = 1;
	classes = {
	};
	objectVersion = 60;
	objects = {

/* Begin PBXBuildFile section */
		A1B2C3D4E5F6010000000101 /* AixcamApp.swift in Sources */ = {isa = PBXBuildFile; fileRef = A1B2C3D4E5F6010000000201 /* AixcamApp.swift */; };
		A1B2C3D4E5F6010000000102 /* ContentView.swift in Sources */ = {isa = PBXBuildFile; fileRef = A1B2C3D4E5F6010000000202 /* ContentView.swift */; };
		A1B2C3D4E5F6010000000103 /* AuthViewModel.swift in Sources */ = {isa = PBXBuildFile; fileRef = A1B2C3D4E5F6010000000203 /* AuthViewModel.swift */; };
		A1B2C3D4E5F6010000000104 /* Assets.xcassets in Resources */ = {isa = PBXBuildFile; fileRef = A1B2C3D4E5F6010000000204 /* Assets.xcassets */; };
		A1B2C3D4E5F6010000000105 /* CreatorModels.swift in Sources */ = {isa = PBXBuildFile; fileRef = A1B2C3D4E5F6010000000207 /* CreatorModels.swift */; };
		A1B2C3D4E5F6010000000106 /* CreatorBackendService.swift in Sources */ = {isa = PBXBuildFile; fileRef = A1B2C3D4E5F6010000000208 /* CreatorBackendService.swift */; };
		A1B2C3D4E5F6010000000107 /* CreatorSetupViewModel.swift in Sources */ = {isa = PBXBuildFile; fileRef = A1B2C3D4E5F6010000000209 /* CreatorSetupViewModel.swift */; };
		A1B2C3D4E5F6010000000108 /* CreatorOnboardingViews.swift in Sources */ = {isa = PBXBuildFile; fileRef = A1B2C3D4E5F6010000000210 /* CreatorOnboardingViews.swift */; };
		B2C3D4E5F601000000000101 /* PrivacyInfo.xcprivacy in Resources */ = {isa = PBXBuildFile; fileRef = B2C3D4E5F601000000000201 /* PrivacyInfo.xcprivacy */; };
		B2C3D4E5F601000000000102 /* AuthViewModelTests.swift in Sources */ = {isa = PBXBuildFile; fileRef = B2C3D4E5F601000000000202 /* AuthViewModelTests.swift */; };
		B2C3D4E5F601000000000103 /* SecureCredentialStore.swift in Sources */ = {isa = PBXBuildFile; fileRef = B2C3D4E5F601000000000204 /* SecureCredentialStore.swift */; };
		B2C3D4E5F601000000000104 /* LocalCreatorBackendServiceTests.swift in Sources */ = {isa = PBXBuildFile; fileRef = B2C3D4E5F601000000000205 /* LocalCreatorBackendServiceTests.swift */; };
		C3D4E5F60100000000000101 /* CreatorHomeViewModel.swift in Sources */ = {isa = PBXBuildFile; fileRef = C3D4E5F60100000000000201 /* CreatorHomeViewModel.swift */; };
		C3D4E5F60100000000000102 /* CreatorHomeView.swift in Sources */ = {isa = PBXBuildFile; fileRef = C3D4E5F60100000000000202 /* CreatorHomeView.swift */; };
		C3D4E5F60100000000000103 /* CreatorHomeViewModelTests.swift in Sources */ = {isa = PBXBuildFile; fileRef = C3D4E5F60100000000000203 /* CreatorHomeViewModelTests.swift */; };
		D4E5F6010000000000000101 /* LiveCameraViewModel.swift in Sources */ = {isa = PBXBuildFile; fileRef = D4E5F6010000000000000201 /* LiveCameraViewModel.swift */; };
		D4E5F6010000000000000102 /* LiveCameraStudioView.swift in Sources */ = {isa = PBXBuildFile; fileRef = D4E5F6010000000000000202 /* LiveCameraStudioView.swift */; };
		E5F601000000000000000101 /* SessionRouter.swift in Sources */ = {isa = PBXBuildFile; fileRef = E5F601000000000000000201 /* SessionRouter.swift */; };
		E5F601000000000000000102 /* SessionManager.swift in Sources */ = {isa = PBXBuildFile; fileRef = E5F601000000000000000202 /* SessionManager.swift */; };
		E5F601000000000000000103 /* RootSessionViews.swift in Sources */ = {isa = PBXBuildFile; fileRef = E5F601000000000000000203 /* RootSessionViews.swift */; };
		E5F601000000000000000104 /* RootView.swift in Sources */ = {isa = PBXBuildFile; fileRef = E5F601000000000000000204 /* RootView.swift */; };
		E5F601000000000000000105 /* SessionRouterTests.swift in Sources */ = {isa = PBXBuildFile; fileRef = E5F601000000000000000205 /* SessionRouterTests.swift */; };
		F60100000000000000000101 /* FirebaseAuth in Frameworks */ = {isa = PBXBuildFile; productRef = F60100000000000000000501 /* FirebaseAuth */; };
		F60100000000000000000102 /* FirebaseFirestore in Frameworks */ = {isa = PBXBuildFile; productRef = F60100000000000000000502 /* FirebaseFirestore */; };
		F60100000000000000000103 /* FirebaseStorage in Frameworks */ = {isa = PBXBuildFile; productRef = F60100000000000000000503 /* FirebaseStorage */; };
		F60100000000000000000104 /* FirebaseFunctions in Frameworks */ = {isa = PBXBuildFile; productRef = F60100000000000000000504 /* FirebaseFunctions */; };
		F60100000000000000000105 /* FirebaseCore in Frameworks */ = {isa = PBXBuildFile; productRef = F60100000000000000000505 /* FirebaseCore */; };
		F60100000000000000000201 /* FirebaseBootstrap.swift in Sources */ = {isa = PBXBuildFile; fileRef = F60100000000000000000301 /* FirebaseBootstrap.swift */; };
		F60100000000000000000202 /* FirebaseBootstrapTests.swift in Sources */ = {isa = PBXBuildFile; fileRef = F60100000000000000000302 /* FirebaseBootstrapTests.swift */; };
		D60100000000000000000101 /* AppLockPolicy.swift in Sources */ = {isa = PBXBuildFile; fileRef = D60100000000000000000201 /* AppLockPolicy.swift */; };
		D60100000000000000000102 /* AppLockStore.swift in Sources */ = {isa = PBXBuildFile; fileRef = D60100000000000000000202 /* AppLockStore.swift */; };
		D60100000000000000000103 /* BiometricAuthService.swift in Sources */ = {isa = PBXBuildFile; fileRef = D60100000000000000000203 /* BiometricAuthService.swift */; };
		D60100000000000000000104 /* AppLockController.swift in Sources */ = {isa = PBXBuildFile; fileRef = D60100000000000000000204 /* AppLockController.swift */; };
		D60100000000000000000105 /* UnlockView.swift in Sources */ = {isa = PBXBuildFile; fileRef = D60100000000000000000205 /* UnlockView.swift */; };
		D60100000000000000000106 /* AppLockTests.swift in Sources */ = {isa = PBXBuildFile; fileRef = D60100000000000000000206 /* AppLockTests.swift */; };
		E60100000000000000000101 /* SubscriberModels.swift in Sources */ = {isa = PBXBuildFile; fileRef = E60100000000000000000201 /* SubscriberModels.swift */; };
		E60100000000000000000102 /* SubscriberSetupViewModel.swift in Sources */ = {isa = PBXBuildFile; fileRef = E60100000000000000000202 /* SubscriberSetupViewModel.swift */; };
		E60100000000000000000103 /* SubscriberOnboardingViews.swift in Sources */ = {isa = PBXBuildFile; fileRef = E60100000000000000000203 /* SubscriberOnboardingViews.swift */; };
		E60100000000000000000104 /* SubscriberOnboardingTests.swift in Sources */ = {isa = PBXBuildFile; fileRef = E60100000000000000000204 /* SubscriberOnboardingTests.swift */; };
/* End PBXBuildFile section */

/* Begin PBXContainerItemProxy section */
		B2C3D4E5F601000000000702 /* PBXContainerItemProxy */ = {
			isa = PBXContainerItemProxy;
			containerPortal = A1B2C3D4E5F6010000000701 /* Project object */;
			proxyType = 1;
			remoteGlobalIDString = A1B2C3D4E5F6010000000501;
			remoteInfo = Aixcam;
		};
/* End PBXContainerItemProxy section */

/* Begin PBXFileReference section */
		A1B2C3D4E5F6010000000201 /* AixcamApp.swift */ = {isa = PBXFileReference; lastKnownFileType = sourcecode.swift; path = AixcamApp.swift; sourceTree = "<group>"; };
		A1B2C3D4E5F6010000000202 /* ContentView.swift */ = {isa = PBXFileReference; lastKnownFileType = sourcecode.swift; path = ContentView.swift; sourceTree = "<group>"; };
		A1B2C3D4E5F6010000000203 /* AuthViewModel.swift */ = {isa = PBXFileReference; lastKnownFileType = sourcecode.swift; path = AuthViewModel.swift; sourceTree = "<group>"; };
		A1B2C3D4E5F6010000000204 /* Assets.xcassets */ = {isa = PBXFileReference; lastKnownFileType = folder.assetcatalog; path = Assets.xcassets; sourceTree = "<group>"; };
		A1B2C3D4E5F6010000000205 /* Preview Assets.xcassets */ = {isa = PBXFileReference; lastKnownFileType = folder.assetcatalog; path = "Preview Assets.xcassets"; sourceTree = "<group>"; };
		A1B2C3D4E5F6010000000206 /* Aixcam.app */ = {isa = PBXFileReference; explicitFileType = wrapper.application; includeInIndex = 0; path = Aixcam.app; sourceTree = BUILT_PRODUCTS_DIR; };
		A1B2C3D4E5F6010000000207 /* CreatorModels.swift */ = {isa = PBXFileReference; lastKnownFileType = sourcecode.swift; path = CreatorModels.swift; sourceTree = "<group>"; };
		A1B2C3D4E5F6010000000208 /* CreatorBackendService.swift */ = {isa = PBXFileReference; lastKnownFileType = sourcecode.swift; path = CreatorBackendService.swift; sourceTree = "<group>"; };
		A1B2C3D4E5F6010000000209 /* CreatorSetupViewModel.swift */ = {isa = PBXFileReference; lastKnownFileType = sourcecode.swift; path = CreatorSetupViewModel.swift; sourceTree = "<group>"; };
		A1B2C3D4E5F6010000000210 /* CreatorOnboardingViews.swift */ = {isa = PBXFileReference; lastKnownFileType = sourcecode.swift; path = CreatorOnboardingViews.swift; sourceTree = "<group>"; };
		B2C3D4E5F601000000000201 /* PrivacyInfo.xcprivacy */ = {isa = PBXFileReference; lastKnownFileType = text.xml; path = PrivacyInfo.xcprivacy; sourceTree = "<group>"; };
		B2C3D4E5F601000000000202 /* AuthViewModelTests.swift */ = {isa = PBXFileReference; lastKnownFileType = sourcecode.swift; path = AuthViewModelTests.swift; sourceTree = "<group>"; };
		B2C3D4E5F601000000000203 /* AixcamTests.xctest */ = {isa = PBXFileReference; explicitFileType = wrapper.cfbundle; includeInIndex = 0; path = AixcamTests.xctest; sourceTree = BUILT_PRODUCTS_DIR; };
		B2C3D4E5F601000000000204 /* SecureCredentialStore.swift */ = {isa = PBXFileReference; lastKnownFileType = sourcecode.swift; path = SecureCredentialStore.swift; sourceTree = "<group>"; };
		B2C3D4E5F601000000000205 /* LocalCreatorBackendServiceTests.swift */ = {isa = PBXFileReference; lastKnownFileType = sourcecode.swift; path = LocalCreatorBackendServiceTests.swift; sourceTree = "<group>"; };
		C3D4E5F60100000000000201 /* CreatorHomeViewModel.swift */ = {isa = PBXFileReference; lastKnownFileType = sourcecode.swift; path = CreatorHomeViewModel.swift; sourceTree = "<group>"; };
		C3D4E5F60100000000000202 /* CreatorHomeView.swift */ = {isa = PBXFileReference; lastKnownFileType = sourcecode.swift; path = CreatorHomeView.swift; sourceTree = "<group>"; };
		C3D4E5F60100000000000203 /* CreatorHomeViewModelTests.swift */ = {isa = PBXFileReference; lastKnownFileType = sourcecode.swift; path = CreatorHomeViewModelTests.swift; sourceTree = "<group>"; };
		D4E5F6010000000000000201 /* LiveCameraViewModel.swift */ = {isa = PBXFileReference; lastKnownFileType = sourcecode.swift; path = LiveCameraViewModel.swift; sourceTree = "<group>"; };
		D4E5F6010000000000000202 /* LiveCameraStudioView.swift */ = {isa = PBXFileReference; lastKnownFileType = sourcecode.swift; path = LiveCameraStudioView.swift; sourceTree = "<group>"; };
		E5F601000000000000000201 /* SessionRouter.swift */ = {isa = PBXFileReference; lastKnownFileType = sourcecode.swift; path = SessionRouter.swift; sourceTree = "<group>"; };
		E5F601000000000000000202 /* SessionManager.swift */ = {isa = PBXFileReference; lastKnownFileType = sourcecode.swift; path = SessionManager.swift; sourceTree = "<group>"; };
		E5F601000000000000000203 /* RootSessionViews.swift */ = {isa = PBXFileReference; lastKnownFileType = sourcecode.swift; path = RootSessionViews.swift; sourceTree = "<group>"; };
		E5F601000000000000000204 /* RootView.swift */ = {isa = PBXFileReference; lastKnownFileType = sourcecode.swift; path = RootView.swift; sourceTree = "<group>"; };
		E5F601000000000000000205 /* SessionRouterTests.swift */ = {isa = PBXFileReference; lastKnownFileType = sourcecode.swift; path = SessionRouterTests.swift; sourceTree = "<group>"; };
		F60100000000000000000301 /* FirebaseBootstrap.swift */ = {isa = PBXFileReference; lastKnownFileType = sourcecode.swift; path = FirebaseBootstrap.swift; sourceTree = "<group>"; };
		F60100000000000000000302 /* FirebaseBootstrapTests.swift */ = {isa = PBXFileReference; lastKnownFileType = sourcecode.swift; path = FirebaseBootstrapTests.swift; sourceTree = "<group>"; };
		D60100000000000000000201 /* AppLockPolicy.swift */ = {isa = PBXFileReference; lastKnownFileType = sourcecode.swift; path = AppLockPolicy.swift; sourceTree = "<group>"; };
		D60100000000000000000202 /* AppLockStore.swift */ = {isa = PBXFileReference; lastKnownFileType = sourcecode.swift; path = AppLockStore.swift; sourceTree = "<group>"; };
		D60100000000000000000203 /* BiometricAuthService.swift */ = {isa = PBXFileReference; lastKnownFileType = sourcecode.swift; path = BiometricAuthService.swift; sourceTree = "<group>"; };
		D60100000000000000000204 /* AppLockController.swift */ = {isa = PBXFileReference; lastKnownFileType = sourcecode.swift; path = AppLockController.swift; sourceTree = "<group>"; };
		D60100000000000000000205 /* UnlockView.swift */ = {isa = PBXFileReference; lastKnownFileType = sourcecode.swift; path = UnlockView.swift; sourceTree = "<group>"; };
		D60100000000000000000206 /* AppLockTests.swift */ = {isa = PBXFileReference; lastKnownFileType = sourcecode.swift; path = AppLockTests.swift; sourceTree = "<group>"; };
		E60100000000000000000201 /* SubscriberModels.swift */ = {isa = PBXFileReference; lastKnownFileType = sourcecode.swift; path = SubscriberModels.swift; sourceTree = "<group>"; };
		E60100000000000000000202 /* SubscriberSetupViewModel.swift */ = {isa = PBXFileReference; lastKnownFileType = sourcecode.swift; path = SubscriberSetupViewModel.swift; sourceTree = "<group>"; };
		E60100000000000000000203 /* SubscriberOnboardingViews.swift */ = {isa = PBXFileReference; lastKnownFileType = sourcecode.swift; path = SubscriberOnboardingViews.swift; sourceTree = "<group>"; };
		E60100000000000000000204 /* SubscriberOnboardingTests.swift */ = {isa = PBXFileReference; lastKnownFileType = sourcecode.swift; path = SubscriberOnboardingTests.swift; sourceTree = "<group>"; };
/* End PBXFileReference section */

/* Begin PBXFrameworksBuildPhase section */
		A1B2C3D4E5F6010000000301 /* Frameworks */ = {
			isa = PBXFrameworksBuildPhase;
			buildActionMask = 2147483647;
			files = (
				F60100000000000000000105 /* FirebaseCore in Frameworks */,
				F60100000000000000000101 /* FirebaseAuth in Frameworks */,
				F60100000000000000000102 /* FirebaseFirestore in Frameworks */,
				F60100000000000000000103 /* FirebaseStorage in Frameworks */,
				F60100000000000000000104 /* FirebaseFunctions in Frameworks */,
			);
			runOnlyForDeploymentPostprocessing = 0;
		};
		B2C3D4E5F601000000000301 /* Frameworks */ = {
			isa = PBXFrameworksBuildPhase;
			buildActionMask = 2147483647;
			files = (
			);
			runOnlyForDeploymentPostprocessing = 0;
		};
/* End PBXFrameworksBuildPhase section */

/* Begin PBXGroup section */
		A1B2C3D4E5F6010000000401 = {
			isa = PBXGroup;
			children = (
				A1B2C3D4E5F6010000000402 /* Aixcam */,
				B2C3D4E5F601000000000401 /* AixcamTests */,
				A1B2C3D4E5F6010000000404 /* Products */,
			);
			sourceTree = "<group>";
		};
		A1B2C3D4E5F6010000000402 /* Aixcam */ = {
			isa = PBXGroup;
			children = (
				A1B2C3D4E5F6010000000201 /* AixcamApp.swift */,
				A1B2C3D4E5F6010000000202 /* ContentView.swift */,
				A1B2C3D4E5F6010000000203 /* AuthViewModel.swift */,
				A1B2C3D4E5F6010000000207 /* CreatorModels.swift */,
				A1B2C3D4E5F6010000000208 /* CreatorBackendService.swift */,
				B2C3D4E5F601000000000204 /* SecureCredentialStore.swift */,
				A1B2C3D4E5F6010000000209 /* CreatorSetupViewModel.swift */,
				A1B2C3D4E5F6010000000210 /* CreatorOnboardingViews.swift */,
				C3D4E5F60100000000000201 /* CreatorHomeViewModel.swift */,
				C3D4E5F60100000000000202 /* CreatorHomeView.swift */,
				D4E5F6010000000000000201 /* LiveCameraViewModel.swift */,
				D4E5F6010000000000000202 /* LiveCameraStudioView.swift */,
				E5F601000000000000000201 /* SessionRouter.swift */,
				E5F601000000000000000202 /* SessionManager.swift */,
				E5F601000000000000000203 /* RootSessionViews.swift */,
				E5F601000000000000000204 /* RootView.swift */,
				F60100000000000000000301 /* FirebaseBootstrap.swift */,
				D60100000000000000000201 /* AppLockPolicy.swift */,
				D60100000000000000000202 /* AppLockStore.swift */,
				D60100000000000000000203 /* BiometricAuthService.swift */,
				D60100000000000000000204 /* AppLockController.swift */,
				D60100000000000000000205 /* UnlockView.swift */,
				E60100000000000000000201 /* SubscriberModels.swift */,
				E60100000000000000000202 /* SubscriberSetupViewModel.swift */,
				E60100000000000000000203 /* SubscriberOnboardingViews.swift */,
				B2C3D4E5F601000000000201 /* PrivacyInfo.xcprivacy */,
				A1B2C3D4E5F6010000000204 /* Assets.xcassets */,
				A1B2C3D4E5F6010000000403 /* Preview Content */,
			);
			path = Aixcam;
			sourceTree = "<group>";
		};
		A1B2C3D4E5F6010000000403 /* Preview Content */ = {
			isa = PBXGroup;
			children = (
				A1B2C3D4E5F6010000000205 /* Preview Assets.xcassets */,
			);
			path = "Preview Content";
			sourceTree = "<group>";
		};
		A1B2C3D4E5F6010000000404 /* Products */ = {
			isa = PBXGroup;
			children = (
				A1B2C3D4E5F6010000000206 /* Aixcam.app */,
				B2C3D4E5F601000000000203 /* AixcamTests.xctest */,
			);
			name = Products;
			sourceTree = "<group>";
		};
		B2C3D4E5F601000000000401 /* AixcamTests */ = {
			isa = PBXGroup;
			children = (
				B2C3D4E5F601000000000202 /* AuthViewModelTests.swift */,
				B2C3D4E5F601000000000205 /* LocalCreatorBackendServiceTests.swift */,
				C3D4E5F60100000000000203 /* CreatorHomeViewModelTests.swift */,
				E5F601000000000000000205 /* SessionRouterTests.swift */,
				F60100000000000000000302 /* FirebaseBootstrapTests.swift */,
				D60100000000000000000206 /* AppLockTests.swift */,
				E60100000000000000000204 /* SubscriberOnboardingTests.swift */,
			);
			path = AixcamTests;
			sourceTree = "<group>";
		};
/* End PBXGroup section */

/* Begin PBXNativeTarget section */
		A1B2C3D4E5F6010000000501 /* Aixcam */ = {
			isa = PBXNativeTarget;
			buildConfigurationList = A1B2C3D4E5F6010000000802 /* Build configuration list for PBXNativeTarget "Aixcam" */;
			buildPhases = (
				A1B2C3D4E5F6010000000601 /* Sources */,
				A1B2C3D4E5F6010000000301 /* Frameworks */,
				A1B2C3D4E5F6010000000602 /* Resources */,
			);
			buildRules = (
			);
			dependencies = (
			);
			name = Aixcam;
			packageProductDependencies = (
				F60100000000000000000505 /* FirebaseCore */,
				F60100000000000000000501 /* FirebaseAuth */,
				F60100000000000000000502 /* FirebaseFirestore */,
				F60100000000000000000503 /* FirebaseStorage */,
				F60100000000000000000504 /* FirebaseFunctions */,
			);
			productName = Aixcam;
			productReference = A1B2C3D4E5F6010000000206 /* Aixcam.app */;
			productType = "com.apple.product-type.application";
		};
		B2C3D4E5F601000000000501 /* AixcamTests */ = {
			isa = PBXNativeTarget;
			buildConfigurationList = B2C3D4E5F601000000000801 /* Build configuration list for PBXNativeTarget "AixcamTests" */;
			buildPhases = (
				B2C3D4E5F601000000000601 /* Sources */,
				B2C3D4E5F601000000000301 /* Frameworks */,
				B2C3D4E5F601000000000602 /* Resources */,
			);
			buildRules = (
			);
			dependencies = (
				B2C3D4E5F601000000000701 /* PBXTargetDependency */,
			);
			name = AixcamTests;
			productName = AixcamTests;
			productReference = B2C3D4E5F601000000000203 /* AixcamTests.xctest */;
			productType = "com.apple.product-type.bundle.unit-test";
		};
/* End PBXNativeTarget section */

/* Begin PBXProject section */
		A1B2C3D4E5F6010000000701 /* Project object */ = {
			isa = PBXProject;
			attributes = {
				BuildIndependentTargetsInParallel = 1;
				LastSwiftUpdateCheck = 1530;
				LastUpgradeCheck = 1530;
				TargetAttributes = {
					A1B2C3D4E5F6010000000501 = {
						CreatedOnToolsVersion = 15.3;
					};
					B2C3D4E5F601000000000501 = {
						CreatedOnToolsVersion = 15.3;
						TestTargetID = A1B2C3D4E5F6010000000501;
					};
				};
			};
			buildConfigurationList = A1B2C3D4E5F6010000000801 /* Build configuration list for PBXProject "Aixcam" */;
			compatibilityVersion = "Xcode 15.0";
			developmentRegion = en;
			hasScannedForEncodings = 0;
			knownRegions = (
				en,
				Base,
			);
			mainGroup = A1B2C3D4E5F6010000000401;
			packageReferences = (
				F60100000000000000000401 /* XCRemoteSwiftPackageReference "firebase-ios-sdk" */,
			);
			productRefGroup = A1B2C3D4E5F6010000000404 /* Products */;
			projectDirPath = "";
			projectRoot = "";
			targets = (
				A1B2C3D4E5F6010000000501 /* Aixcam */,
				B2C3D4E5F601000000000501 /* AixcamTests */,
			);
		};
/* End PBXProject section */

/* Begin PBXResourcesBuildPhase section */
		A1B2C3D4E5F6010000000602 /* Resources */ = {
			isa = PBXResourcesBuildPhase;
			buildActionMask = 2147483647;
			files = (
				A1B2C3D4E5F6010000000104 /* Assets.xcassets in Resources */,
				B2C3D4E5F601000000000101 /* PrivacyInfo.xcprivacy in Resources */,
			);
			runOnlyForDeploymentPostprocessing = 0;
		};
		B2C3D4E5F601000000000602 /* Resources */ = {
			isa = PBXResourcesBuildPhase;
			buildActionMask = 2147483647;
			files = (
			);
			runOnlyForDeploymentPostprocessing = 0;
		};
/* End PBXResourcesBuildPhase section */

/* Begin PBXSourcesBuildPhase section */
		A1B2C3D4E5F6010000000601 /* Sources */ = {
			isa = PBXSourcesBuildPhase;
			buildActionMask = 2147483647;
			files = (
				A1B2C3D4E5F6010000000101 /* AixcamApp.swift in Sources */,
				A1B2C3D4E5F6010000000102 /* ContentView.swift in Sources */,
				A1B2C3D4E5F6010000000103 /* AuthViewModel.swift in Sources */,
				A1B2C3D4E5F6010000000105 /* CreatorModels.swift in Sources */,
				A1B2C3D4E5F6010000000106 /* CreatorBackendService.swift in Sources */,
				B2C3D4E5F601000000000103 /* SecureCredentialStore.swift in Sources */,
				A1B2C3D4E5F6010000000107 /* CreatorSetupViewModel.swift in Sources */,
				A1B2C3D4E5F6010000000108 /* CreatorOnboardingViews.swift in Sources */,
				C3D4E5F60100000000000101 /* CreatorHomeViewModel.swift in Sources */,
				C3D4E5F60100000000000102 /* CreatorHomeView.swift in Sources */,
				D4E5F6010000000000000101 /* LiveCameraViewModel.swift in Sources */,
				D4E5F6010000000000000102 /* LiveCameraStudioView.swift in Sources */,
				E5F601000000000000000101 /* SessionRouter.swift in Sources */,
				E5F601000000000000000102 /* SessionManager.swift in Sources */,
				E5F601000000000000000103 /* RootSessionViews.swift in Sources */,
				E5F601000000000000000104 /* RootView.swift in Sources */,
				F60100000000000000000201 /* FirebaseBootstrap.swift in Sources */,
				D60100000000000000000101 /* AppLockPolicy.swift in Sources */,
				D60100000000000000000102 /* AppLockStore.swift in Sources */,
				D60100000000000000000103 /* BiometricAuthService.swift in Sources */,
				D60100000000000000000104 /* AppLockController.swift in Sources */,
				D60100000000000000000105 /* UnlockView.swift in Sources */,
				E60100000000000000000101 /* SubscriberModels.swift in Sources */,
				E60100000000000000000102 /* SubscriberSetupViewModel.swift in Sources */,
				E60100000000000000000103 /* SubscriberOnboardingViews.swift in Sources */,
			);
			runOnlyForDeploymentPostprocessing = 0;
		};
		B2C3D4E5F601000000000601 /* Sources */ = {
			isa = PBXSourcesBuildPhase;
			buildActionMask = 2147483647;
			files = (
				B2C3D4E5F601000000000102 /* AuthViewModelTests.swift in Sources */,
				B2C3D4E5F601000000000104 /* LocalCreatorBackendServiceTests.swift in Sources */,
				C3D4E5F60100000000000103 /* CreatorHomeViewModelTests.swift in Sources */,
				E5F601000000000000000105 /* SessionRouterTests.swift in Sources */,
				F60100000000000000000202 /* FirebaseBootstrapTests.swift in Sources */,
				D60100000000000000000106 /* AppLockTests.swift in Sources */,
				E60100000000000000000104 /* SubscriberOnboardingTests.swift in Sources */,
			);
			runOnlyForDeploymentPostprocessing = 0;
		};
/* End PBXSourcesBuildPhase section */

/* Begin PBXTargetDependency section */
		B2C3D4E5F601000000000701 /* PBXTargetDependency */ = {
			isa = PBXTargetDependency;
			target = A1B2C3D4E5F6010000000501 /* Aixcam */;
			targetProxy = B2C3D4E5F601000000000702 /* PBXContainerItemProxy */;
		};
/* End PBXTargetDependency section */

/* Begin XCBuildConfiguration section */
		A1B2C3D4E5F6010000000901 /* Debug */ = {
			isa = XCBuildConfiguration;
			buildSettings = {
				ALWAYS_SEARCH_USER_PATHS = NO;
				ASSETCATALOG_COMPILER_GENERATE_SWIFT_ASSET_SYMBOL_EXTENSIONS = YES;
				CLANG_ANALYZER_NONNULL = YES;
				CLANG_ANALYZER_NUMBER_OBJECT_CONVERSION = YES_AGGRESSIVE;
				CLANG_CXX_LANGUAGE_STANDARD = "gnu++20";
				CLANG_ENABLE_MODULES = YES;
				CLANG_ENABLE_OBJC_ARC = YES;
				CLANG_ENABLE_OBJC_WEAK = YES;
				CLANG_WARN_BLOCK_CAPTURE_AUTORELEASING = YES;
				CLANG_WARN_BOOL_CONVERSION = YES;
				CLANG_WARN_COMMA = YES;
				CLANG_WARN_CONSTANT_CONVERSION = YES;
				CLANG_WARN_DEPRECATED_OBJC_IMPLEMENTATIONS = YES;
				CLANG_WARN_DIRECT_OBJC_ISA_USAGE = YES_ERROR;
				CLANG_WARN_DOCUMENTATION_COMMENTS = YES;
				CLANG_WARN_EMPTY_BODY = YES;
				CLANG_WARN_ENUM_CONVERSION = YES;
				CLANG_WARN_INFINITE_RECURSION = YES;
				CLANG_WARN_INT_CONVERSION = YES;
				CLANG_WARN_NON_LITERAL_NULL_CONVERSION = YES;
				CLANG_WARN_OBJC_IMPLICIT_RETAIN_SELF = YES;
				CLANG_WARN_OBJC_LITERAL_CONVERSION = YES;
				CLANG_WARN_OBJC_ROOT_CLASS = YES_ERROR;
				CLANG_WARN_QUOTED_INCLUDE_IN_FRAMEWORK_HEADER = YES;
				CLANG_WARN_RANGE_LOOP_ANALYSIS = YES;
				CLANG_WARN_STRICT_PROTOTYPES = YES;
				CLANG_WARN_SUSPICIOUS_MOVE = YES;
				CLANG_WARN_UNGUARDED_AVAILABILITY = YES_AGGRESSIVE;
				CLANG_WARN_UNREACHABLE_CODE = YES;
				CLANG_WARN__DUPLICATE_METHOD_MATCH = YES;
				COPY_PHASE_STRIP = NO;
				DEBUG_INFORMATION_FORMAT = dwarf;
				ENABLE_STRICT_OBJC_MSGSEND = YES;
				ENABLE_TESTABILITY = YES;
				ENABLE_USER_SCRIPT_SANDBOXING = YES;
				GCC_C_LANGUAGE_STANDARD = gnu17;
				GCC_DYNAMIC_NO_PIC = NO;
				GCC_NO_COMMON_BLOCKS = YES;
				GCC_OPTIMIZATION_LEVEL = 0;
				GCC_PREPROCESSOR_DEFINITIONS = (
					"DEBUG=1",
					"$(inherited)",
				);
				GCC_WARN_64_TO_32_BIT_CONVERSION = YES;
				GCC_WARN_ABOUT_RETURN_TYPE = YES_ERROR;
				GCC_WARN_UNDECLARED_SELECTOR = YES;
				GCC_WARN_UNINITIALIZED_AUTOS = YES_AGGRESSIVE;
				GCC_WARN_UNUSED_FUNCTION = YES;
				GCC_WARN_UNUSED_VARIABLE = YES;
				IPHONEOS_DEPLOYMENT_TARGET = 17.0;
				LOCALIZATION_PREFERS_STRING_CATALOGS = YES;
				MTL_ENABLE_DEBUG_INFO = INCLUDE_SOURCE;
				MTL_FAST_MATH = YES;
				ONLY_ACTIVE_ARCH = YES;
				SDKROOT = iphoneos;
				SWIFT_ACTIVE_COMPILATION_CONDITIONS = "DEBUG $(inherited)";
				SWIFT_OPTIMIZATION_LEVEL = "-Onone";
			};
			name = Debug;
		};
		A1B2C3D4E5F6010000000902 /* Release */ = {
			isa = XCBuildConfiguration;
			buildSettings = {
				ALWAYS_SEARCH_USER_PATHS = NO;
				ASSETCATALOG_COMPILER_GENERATE_SWIFT_ASSET_SYMBOL_EXTENSIONS = YES;
				CLANG_ANALYZER_NONNULL = YES;
				CLANG_ANALYZER_NUMBER_OBJECT_CONVERSION = YES_AGGRESSIVE;
				CLANG_CXX_LANGUAGE_STANDARD = "gnu++20";
				CLANG_ENABLE_MODULES = YES;
				CLANG_ENABLE_OBJC_ARC = YES;
				CLANG_ENABLE_OBJC_WEAK = YES;
				CLANG_WARN_BLOCK_CAPTURE_AUTORELEASING = YES;
				CLANG_WARN_BOOL_CONVERSION = YES;
				CLANG_WARN_COMMA = YES;
				CLANG_WARN_CONSTANT_CONVERSION = YES;
				CLANG_WARN_DEPRECATED_OBJC_IMPLEMENTATIONS = YES;
				CLANG_WARN_DIRECT_OBJC_ISA_USAGE = YES_ERROR;
				CLANG_WARN_DOCUMENTATION_COMMENTS = YES;
				CLANG_WARN_EMPTY_BODY = YES;
				CLANG_WARN_ENUM_CONVERSION = YES;
				CLANG_WARN_INFINITE_RECURSION = YES;
				CLANG_WARN_INT_CONVERSION = YES;
				CLANG_WARN_NON_LITERAL_NULL_CONVERSION = YES;
				CLANG_WARN_OBJC_IMPLICIT_RETAIN_SELF = YES;
				CLANG_WARN_OBJC_LITERAL_CONVERSION = YES;
				CLANG_WARN_OBJC_ROOT_CLASS = YES_ERROR;
				CLANG_WARN_QUOTED_INCLUDE_IN_FRAMEWORK_HEADER = YES;
				CLANG_WARN_RANGE_LOOP_ANALYSIS = YES;
				CLANG_WARN_STRICT_PROTOTYPES = YES;
				CLANG_WARN_SUSPICIOUS_MOVE = YES;
				CLANG_WARN_UNGUARDED_AVAILABILITY = YES_AGGRESSIVE;
				CLANG_WARN_UNREACHABLE_CODE = YES;
				CLANG_WARN__DUPLICATE_METHOD_MATCH = YES;
				COPY_PHASE_STRIP = NO;
				DEBUG_INFORMATION_FORMAT = "dwarf-with-dsym";
				ENABLE_NS_ASSERTIONS = NO;
				ENABLE_STRICT_OBJC_MSGSEND = YES;
				ENABLE_USER_SCRIPT_SANDBOXING = YES;
				GCC_C_LANGUAGE_STANDARD = gnu17;
				GCC_NO_COMMON_BLOCKS = YES;
				GCC_WARN_64_TO_32_BIT_CONVERSION = YES;
				GCC_WARN_ABOUT_RETURN_TYPE = YES_ERROR;
				GCC_WARN_UNDECLARED_SELECTOR = YES;
				GCC_WARN_UNINITIALIZED_AUTOS = YES_AGGRESSIVE;
				GCC_WARN_UNUSED_FUNCTION = YES;
				GCC_WARN_UNUSED_VARIABLE = YES;
				IPHONEOS_DEPLOYMENT_TARGET = 17.0;
				LOCALIZATION_PREFERS_STRING_CATALOGS = YES;
				MTL_ENABLE_DEBUG_INFO = NO;
				MTL_FAST_MATH = YES;
				SDKROOT = iphoneos;
				SWIFT_COMPILATION_MODE = wholemodule;
				VALIDATE_PRODUCT = YES;
			};
			name = Release;
		};
		A1B2C3D4E5F6010000000903 /* Debug */ = {
			isa = XCBuildConfiguration;
			buildSettings = {
				ASSETCATALOG_COMPILER_APPICON_NAME = AppIcon;
				CODE_SIGN_STYLE = Automatic;
				CURRENT_PROJECT_VERSION = 1;
				DEVELOPMENT_ASSET_PATHS = "\"Aixcam/Preview Content\"";
				ENABLE_PREVIEWS = YES;
				GENERATE_INFOPLIST_FILE = YES;
				INFOPLIST_KEY_CFBundleDisplayName = Aixcam;
				INFOPLIST_KEY_CFBundleName = Aixcam;
				INFOPLIST_KEY_ITSAppUsesNonExemptEncryption = NO;
				INFOPLIST_KEY_LSApplicationCategoryType = "public.app-category.entertainment";
				INFOPLIST_KEY_NSCameraUsageDescription = "Aixcam uses the camera so creators can livestream to fans.";
				INFOPLIST_KEY_NSFaceIDUsageDescription = "Aixcam uses Face ID to unlock the app.";
				INFOPLIST_KEY_NSMicrophoneUsageDescription = "Aixcam uses the microphone for live creator audio.";
				INFOPLIST_KEY_UIApplicationSceneManifest_Generation = YES;
				INFOPLIST_KEY_UIApplicationSupportsIndirectInputEvents = YES;
				INFOPLIST_KEY_UILaunchScreen_Generation = YES;
				INFOPLIST_KEY_UISupportedInterfaceOrientations_iPad = "UIInterfaceOrientationPortrait UIInterfaceOrientationPortraitUpsideDown UIInterfaceOrientationLandscapeLeft UIInterfaceOrientationLandscapeRight";
				INFOPLIST_KEY_UISupportedInterfaceOrientations_iPhone = "UIInterfaceOrientationPortrait UIInterfaceOrientationLandscapeLeft UIInterfaceOrientationLandscapeRight";
				LD_RUNPATH_SEARCH_PATHS = (
					"$(inherited)",
					"@executable_path/Frameworks",
				);
				MARKETING_VERSION = 1.0;
				PRODUCT_BUNDLE_IDENTIFIER = com.aixcam.app;
				PRODUCT_NAME = Aixcam;
				SUPPORTED_PLATFORMS = "iphoneos iphonesimulator";
				SUPPORTS_MACCATALYST = NO;
				SUPPORTS_MAC_DESIGNED_FOR_IPHONE_IPAD = NO;
				SWIFT_EMIT_LOC_STRINGS = YES;
				SWIFT_VERSION = 5.0;
				TARGETED_DEVICE_FAMILY = "1,2";
			};
			name = Debug;
		};
		A1B2C3D4E5F6010000000904 /* Release */ = {
			isa = XCBuildConfiguration;
			buildSettings = {
				ASSETCATALOG_COMPILER_APPICON_NAME = AppIcon;
				CODE_SIGN_STYLE = Automatic;
				CURRENT_PROJECT_VERSION = 1;
				DEVELOPMENT_ASSET_PATHS = "\"Aixcam/Preview Content\"";
				ENABLE_PREVIEWS = YES;
				GENERATE_INFOPLIST_FILE = YES;
				INFOPLIST_KEY_CFBundleDisplayName = Aixcam;
				INFOPLIST_KEY_CFBundleName = Aixcam;
				INFOPLIST_KEY_ITSAppUsesNonExemptEncryption = NO;
				INFOPLIST_KEY_LSApplicationCategoryType = "public.app-category.entertainment";
				INFOPLIST_KEY_NSCameraUsageDescription = "Aixcam uses the camera so creators can livestream to fans.";
				INFOPLIST_KEY_NSFaceIDUsageDescription = "Aixcam uses Face ID to unlock the app.";
				INFOPLIST_KEY_NSMicrophoneUsageDescription = "Aixcam uses the microphone for live creator audio.";
				INFOPLIST_KEY_UIApplicationSceneManifest_Generation = YES;
				INFOPLIST_KEY_UIApplicationSupportsIndirectInputEvents = YES;
				INFOPLIST_KEY_UILaunchScreen_Generation = YES;
				INFOPLIST_KEY_UISupportedInterfaceOrientations_iPad = "UIInterfaceOrientationPortrait UIInterfaceOrientationPortraitUpsideDown UIInterfaceOrientationLandscapeLeft UIInterfaceOrientationLandscapeRight";
				INFOPLIST_KEY_UISupportedInterfaceOrientations_iPhone = "UIInterfaceOrientationPortrait UIInterfaceOrientationLandscapeLeft UIInterfaceOrientationLandscapeRight";
				LD_RUNPATH_SEARCH_PATHS = (
					"$(inherited)",
					"@executable_path/Frameworks",
				);
				MARKETING_VERSION = 1.0;
				PRODUCT_BUNDLE_IDENTIFIER = com.aixcam.app;
				PRODUCT_NAME = Aixcam;
				SUPPORTED_PLATFORMS = "iphoneos iphonesimulator";
				SUPPORTS_MACCATALYST = NO;
				SUPPORTS_MAC_DESIGNED_FOR_IPHONE_IPAD = NO;
				SWIFT_EMIT_LOC_STRINGS = YES;
				SWIFT_VERSION = 5.0;
				TARGETED_DEVICE_FAMILY = "1,2";
			};
			name = Release;
		};
		B2C3D4E5F601000000000901 /* Debug */ = {
			isa = XCBuildConfiguration;
			buildSettings = {
				BUNDLE_LOADER = "$(TEST_HOST)";
				CODE_SIGN_STYLE = Automatic;
				CURRENT_PROJECT_VERSION = 1;
				GENERATE_INFOPLIST_FILE = YES;
				IPHONEOS_DEPLOYMENT_TARGET = 17.0;
				LD_RUNPATH_SEARCH_PATHS = (
					"$(inherited)",
					"@executable_path/Frameworks",
					"@loader_path/Frameworks",
				);
				MARKETING_VERSION = 1.0;
				PRODUCT_BUNDLE_IDENTIFIER = com.aixcam.appTests;
				PRODUCT_NAME = "$(TARGET_NAME)";
				SUPPORTED_PLATFORMS = "iphoneos iphonesimulator";
				SWIFT_VERSION = 5.0;
				TARGETED_DEVICE_FAMILY = "1,2";
				TEST_HOST = "$(BUILT_PRODUCTS_DIR)/Aixcam.app/$(BUNDLE_EXECUTABLE_FOLDER_PATH)/Aixcam";
			};
			name = Debug;
		};
		B2C3D4E5F601000000000902 /* Release */ = {
			isa = XCBuildConfiguration;
			buildSettings = {
				BUNDLE_LOADER = "$(TEST_HOST)";
				CODE_SIGN_STYLE = Automatic;
				CURRENT_PROJECT_VERSION = 1;
				GENERATE_INFOPLIST_FILE = YES;
				IPHONEOS_DEPLOYMENT_TARGET = 17.0;
				LD_RUNPATH_SEARCH_PATHS = (
					"$(inherited)",
					"@executable_path/Frameworks",
					"@loader_path/Frameworks",
				);
				MARKETING_VERSION = 1.0;
				PRODUCT_BUNDLE_IDENTIFIER = com.aixcam.appTests;
				PRODUCT_NAME = "$(TARGET_NAME)";
				SUPPORTED_PLATFORMS = "iphoneos iphonesimulator";
				SWIFT_VERSION = 5.0;
				TARGETED_DEVICE_FAMILY = "1,2";
				TEST_HOST = "$(BUILT_PRODUCTS_DIR)/Aixcam.app/$(BUNDLE_EXECUTABLE_FOLDER_PATH)/Aixcam";
			};
			name = Release;
		};
/* End XCBuildConfiguration section */

/* Begin XCConfigurationList section */
		A1B2C3D4E5F6010000000801 /* Build configuration list for PBXProject "Aixcam" */ = {
			isa = XCConfigurationList;
			buildConfigurations = (
				A1B2C3D4E5F6010000000901 /* Debug */,
				A1B2C3D4E5F6010000000902 /* Release */,
			);
			defaultConfigurationIsVisible = 0;
			defaultConfigurationName = Release;
		};
		A1B2C3D4E5F6010000000802 /* Build configuration list for PBXNativeTarget "Aixcam" */ = {
			isa = XCConfigurationList;
			buildConfigurations = (
				A1B2C3D4E5F6010000000903 /* Debug */,
				A1B2C3D4E5F6010000000904 /* Release */,
			);
			defaultConfigurationIsVisible = 0;
			defaultConfigurationName = Release;
		};
		B2C3D4E5F601000000000801 /* Build configuration list for PBXNativeTarget "AixcamTests" */ = {
			isa = XCConfigurationList;
			buildConfigurations = (
				B2C3D4E5F601000000000901 /* Debug */,
				B2C3D4E5F601000000000902 /* Release */,
			);
			defaultConfigurationIsVisible = 0;
			defaultConfigurationName = Release;
		};
/* End XCConfigurationList section */

/* Begin XCRemoteSwiftPackageReference section */
		F60100000000000000000401 /* XCRemoteSwiftPackageReference "firebase-ios-sdk" */ = {
			isa = XCRemoteSwiftPackageReference;
			repositoryURL = "https://github.com/firebase/firebase-ios-sdk";
			requirement = {
				kind = upToNextMajorVersion;
				minimumVersion = 11.0.0;
			};
		};
/* End XCRemoteSwiftPackageReference section */

/* Begin XCSwiftPackageProductDependency section */
		F60100000000000000000501 /* FirebaseAuth */ = {
			isa = XCSwiftPackageProductDependency;
			package = F60100000000000000000401 /* XCRemoteSwiftPackageReference "firebase-ios-sdk" */;
			productName = FirebaseAuth;
		};
		F60100000000000000000502 /* FirebaseFirestore */ = {
			isa = XCSwiftPackageProductDependency;
			package = F60100000000000000000401 /* XCRemoteSwiftPackageReference "firebase-ios-sdk" */;
			productName = FirebaseFirestore;
		};
		F60100000000000000000503 /* FirebaseStorage */ = {
			isa = XCSwiftPackageProductDependency;
			package = F60100000000000000000401 /* XCRemoteSwiftPackageReference "firebase-ios-sdk" */;
			productName = FirebaseStorage;
		};
		F60100000000000000000504 /* FirebaseFunctions */ = {
			isa = XCSwiftPackageProductDependency;
			package = F60100000000000000000401 /* XCRemoteSwiftPackageReference "firebase-ios-sdk" */;
			productName = FirebaseFunctions;
		};
		F60100000000000000000505 /* FirebaseCore */ = {
			isa = XCSwiftPackageProductDependency;
			package = F60100000000000000000401 /* XCRemoteSwiftPackageReference "firebase-ios-sdk" */;
			productName = FirebaseCore;
		};
/* End XCSwiftPackageProductDependency section */
	};
	rootObject = A1B2C3D4E5F6010000000701 /* Project object */;
}
